
Microsoft Visual Studio Solution File, Format Version 12.00
# Visual Studio Version 16
VisualStudioVersion = 16.0.29613.14
MinimumVisualStudioVersion = 10.0.40219.1
Project("{FAE04EC0-301F-11D3-BF4B-00C04F79EFBC}") = "TwitchChatBot", "TwitchChatBot\TwitchChatBot.csproj", "{44ECE351-B10B-40B0-B8FF-DCEACE7C1E88}"
EndProject
Global
	GlobalSection(SolutionConfigurationPlatforms) = preSolution
		Debug|Any CPU = Debug|Any CPU
		Release|Any CPU = Release|Any CPU
	EndGlobalSection
	GlobalSection(ProjectConfigurationPlatforms) = postSolution
		{44ECE351-B10B-40B0-B8FF-DCEACE7C1E88}.Debug|Any CPU.ActiveCfg = Debug|Any CPU
		{44ECE351-B10B-40B0-B8FF-DCEACE7C1E88}.Debug|Any CPU.Build.0 = Debug|Any CPU
		{44ECE351-B10B-40B0-B8FF-DCEACE7C1E88}.Release|Any CPU.ActiveCfg = Release|Any CPU
		{44ECE351-B10B-40B0-B8FF-DCEACE7C1E88}.Release|Any CPU.Build.0 = Release|Any CPU
	EndGlobalSection
	GlobalSection(SolutionProperties) = preSolution
		HideSolutionNode = FALSE
	EndGlobalSection
	GlobalSection(ExtensibilityGlobals) = postSolution
		SolutionGuid = {6355FA8A-188F-4A11-A7E9-BD03AD86AB19}
	EndGlobalSection
EndGlobal
